{
  "name": "browser_wasi_shim",
  "version": "1.0.0",
  "lockfileVersion": 2,
  "requires": true,
  "packages": {
    "": {
      "version": "1.0.0",
      "dependencies": {
        "xterm": "^4.18.0"
      }
    },
    "node_modules/xterm": {
      "version": "4.18.0",
      "resolved": "https://registry.npmjs.org/xterm/-/xterm-4.18.0.tgz",
      "integrity": "sha512-JQoc1S0dti6SQfI0bK1AZvGnAxH4MVw45ZPFSO6FHTInAiau3Ix77fSxNx3mX4eh9OL4AYa8+4C8f5UvnSfppQ=="
    }
  },
  "dependencies": {
    "xterm": {
      "version": "4.18.0",
      "resolved": "https://registry.npmjs.org/xterm/-/xterm-4.18.0.tgz",
      "integrity": "sha512-JQoc1S0dti6SQfI0bK1AZvGnAxH4MVw45ZPFSO6FHTInAiau3Ix77fSxNx3mX4eh9OL4AYa8+4C8f5UvnSfppQ=="
    }
  }
}
