{
  "name": "@bjorn3/browser_wasi_shim",
  "version": "1.0.0",
  "lockfileVersion": 2,
  "requires": true,
  "packages": {
    "": {
      "name": "@bjorn3/browser_wasi_shim",
      "version": "1.0.0",
      "license": "MIT OR Apache-2.0",
      "devDependencies": {
        "flow-bin": "^0.159.0"
      }
    },
    "node_modules/flow-bin": {
      "version": "0.159.0",
      "resolved": "https://registry.npmjs.org/flow-bin/-/flow-bin-0.159.0.tgz",
      "integrity": "sha512-5SugX7mOdfruzn2/+42DF74bxJO2SGmSEzCvTH9wOoBi98Ie87D5Hmb9OoGfwAE5SnXJmB6OCwN2WDiJe4lI+w==",
      "dev": true,
      "bin": {
        "flow": "cli.js"
      },
      "engines": {
        "node": ">=0.10.0"
      }
    }
  },
  "dependencies": {
    "flow-bin": {
      "version": "0.159.0",
      "resolved": "https://registry.npmjs.org/flow-bin/-/flow-bin-0.159.0.tgz",
      "integrity": "sha512-5SugX7mOdfruzn2/+42DF74bxJO2SGmSEzCvTH9wOoBi98Ie87D5Hmb9OoGfwAE5SnXJmB6OCwN2WDiJe4lI+w==",
      "dev": true
    }
  }
}
