{
  "name": "@bjorn3/browser_wasi_shim",
  "version": "0.2.3",
  "lockfileVersion": 2,
  "requires": true,
  "packages": {
    "": {
      "name": "@bjorn3/browser_wasi_shim",
      "version": "0.2.3",
      "license": "MIT OR Apache-2.0",
      "devDependencies": {
        "flow-bin": "^0.159.0",
        "typescript": "^4.9.5"
      }
    },
    "node_modules/flow-bin": {
      "version": "0.159.0",
      "resolved": "https://registry.npmjs.org/flow-bin/-/flow-bin-0.159.0.tgz",
      "integrity": "sha512-5SugX7mOdfruzn2/+42DF74bxJO2SGmSEzCvTH9wOoBi98Ie87D5Hmb9OoGfwAE5SnXJmB6OCwN2WDiJe4lI+w==",
      "dev": true,
      "bin": {
        "flow": "cli.js"
      },
      "engines": {
        "node": ">=0.10.0"
      }
    },
    "node_modules/typescript": {
      "version": "4.9.5",
      "resolved": "https://registry.npmjs.org/typescript/-/typescript-4.9.5.tgz",
      "integrity": "sha512-1FXk9E2Hm+QzZQ7z+McJiHL4NW1F2EzMu9Nq9i3zAaGqibafqYwCVU6WyWAuyQRRzOlxou8xZSyXLEN8oKj24g==",
      "dev": true,
      "bin": {
        "tsc": "bin/tsc",
        "tsserver": "bin/tsserver"
      },
      "engines": {
        "node": ">=4.2.0"
      }
    }
  },
  "dependencies": {
    "flow-bin": {
      "version": "0.159.0",
      "resolved": "https://registry.npmjs.org/flow-bin/-/flow-bin-0.159.0.tgz",
      "integrity": "sha512-5SugX7mOdfruzn2/+42DF74bxJO2SGmSEzCvTH9wOoBi98Ie87D5Hmb9OoGfwAE5SnXJmB6OCwN2WDiJe4lI+w==",
      "dev": true
    },
    "typescript": {
      "version": "4.9.5",
      "resolved": "https://registry.npmjs.org/typescript/-/typescript-4.9.5.tgz",
      "integrity": "sha512-1FXk9E2Hm+QzZQ7z+McJiHL4NW1F2EzMu9Nq9i3zAaGqibafqYwCVU6WyWAuyQRRzOlxou8xZSyXLEN8oKj24g==",
      "dev": true
    }
  }
}
