{
  "name": "examples",
  "lockfileVersion": 3,
  "requires": true,
  "packages": {
    "": {
      "dependencies": {
        "@bjorn3/browser_wasi_shim": "^0.3.0",
        "@oligami/browser_wasi_shim-threads": "file:../",
        "@oligami/shared-object": "^0.1.1",
        "@swc-node/register": "^1.11.1",
        "@xterm/xterm": "^5.5",
        "xterm-addon-fit": "^0.8.0"
      }
    },
    "..": {
      "name": "@oligami/browser_wasi_shim-threads",
      "version": "0.2.3",
      "license": "MIT OR Apache-2.0",
      "dependencies": {
        "@bjorn3/browser_wasi_shim": "^0.4.2"
      },
      "devDependencies": {
        "@biomejs/biome": "2.2.4",
        "@swc/cli": "^0.7.8",
        "@swc/core": "^1.13.5",
        "better-typescript-lib": "^2.12.0",
        "npm-watch": "^0.13.0",
        "typescript": "^5.9.2",
        "unplugin-swc": "^1.5.7",
        "vite": "^7.1.6",
        "vite-plugin-dts": "^4.5.4"
      },
      "peerDependencies": {
        "@bjorn3/browser_wasi_shim": "^0.4.2"
      }
    },
    "../..": {
      "name": "@bjorn3/browser_wasi_shim",
      "version": "0.4.2",
      "license": "MIT OR Apache-2.0",
      "devDependencies": {
        "@swc/cli": "^0.1.62",
        "@swc/core": "^1.3.37",
        "@typescript-eslint/eslint-plugin": "^6.7.4",
        "@typescript-eslint/parser": "^6.7.4",
        "eslint": "^8.50.0",
        "playwright": "^1.40.1",
        "prettier": "^3.0.3",
        "typescript": "^4.9.5"
      }
    },
    "node_modules/@bjorn3/browser_wasi_shim": {
      "version": "0.3.0",
      "resolved": "https://registry.npmjs.org/@bjorn3/browser_wasi_shim/-/browser_wasi_shim-0.3.0.tgz",
      "integrity": "sha512-FlRBYttPRLcWORzBe6g8nmYTafBkOEFeOqMYM4tAHJzFsQy4+xJA94z85a9BCs8S+Uzfh9LrkpII7DXr2iUVFg==",
      "license": "MIT OR Apache-2.0"
    },
    "node_modules/@emnapi/core": {
      "version": "1.5.0",
      "resolved": "https://registry.npmjs.org/@emnapi/core/-/core-1.5.0.tgz",
      "integrity": "sha512-sbP8GzB1WDzacS8fgNPpHlp6C9VZe+SJP3F90W9rLemaQj2PzIuTEl1qDOYQf58YIpyjViI24y9aPWCjEzY2cg==",
      "license": "MIT",
      "optional": true,
      "dependencies": {
        "@emnapi/wasi-threads": "1.1.0",
        "tslib": "^2.4.0"
      }
    },
    "node_modules/@emnapi/runtime": {
      "version": "1.5.0",
      "resolved": "https://registry.npmjs.org/@emnapi/runtime/-/runtime-1.5.0.tgz",
      "integrity": "sha512-97/BJ3iXHww3djw6hYIfErCZFee7qCtrneuLa20UXFCOTCfBM2cvQHjWJ2EG0s0MtdNwInarqCTz35i4wWXHsQ==",
      "license": "MIT",
      "optional": true,
      "dependencies": {
        "tslib": "^2.4.0"
      }
    },
    "node_modules/@emnapi/wasi-threads": {
      "version": "1.1.0",
      "resolved": "https://registry.npmjs.org/@emnapi/wasi-threads/-/wasi-threads-1.1.0.tgz",
      "integrity": "sha512-WI0DdZ8xFSbgMjR1sFsKABJ/C5OnRrjT06JXbZKexJGrDuPTzZdDYfFlsgcCXCyf+suG5QU2e/y1Wo2V/OapLQ==",
      "license": "MIT",
      "optional": true,
      "dependencies": {
        "tslib": "^2.4.0"
      }
    },
    "node_modules/@napi-rs/wasm-runtime": {
      "version": "1.0.5",
      "resolved": "https://registry.npmjs.org/@napi-rs/wasm-runtime/-/wasm-runtime-1.0.5.tgz",
      "integrity": "sha512-TBr9Cf9onSAS2LQ2+QHx6XcC6h9+RIzJgbqG3++9TUZSH204AwEy5jg3BTQ0VATsyoGj4ee49tN/y6rvaOOtcg==",
      "license": "MIT",
      "optional": true,
      "dependencies": {
        "@emnapi/core": "^1.5.0",
        "@emnapi/runtime": "^1.5.0",
        "@tybys/wasm-util": "^0.10.1"
      }
    },
    "node_modules/@oligami/browser_wasi_shim-threads": {
      "resolved": "..",
      "link": true
    },
    "node_modules/@oligami/shared-object": {
      "version": "0.1.1",
      "resolved": "https://registry.npmjs.org/@oligami/shared-object/-/shared-object-0.1.1.tgz",
      "integrity": "sha512-1N5k8IL+JjD0lPiLR+NXT7BFzvnlPaBioMry9RZOL+4YI54TpW4fmkgys9rlyVo4hZB0DL5t8pgzXxq+IIO7fg==",
      "license": "MIT",
      "dependencies": {
        "shared-object": "file:"
      }
    },
    "node_modules/@oxc-resolver/binding-android-arm-eabi": {
      "version": "11.8.2",
      "resolved": "https://registry.npmjs.org/@oxc-resolver/binding-android-arm-eabi/-/binding-android-arm-eabi-11.8.2.tgz",
      "integrity": "sha512-7hykBf8S24IRbO4ueulT9SfYQjTeSOOimKc/CQrWXIWQy1WTePXSNcPq2RkVHO7DdLM8p8X4DVPYy+850Bo93g==",
      "cpu": [
        "arm"
      ],
      "license": "MIT",
      "optional": true,
      "os": [
        "android"
      ]
    },
    "node_modules/@oxc-resolver/binding-android-arm64": {
      "version": "11.8.2",
      "resolved": "https://registry.npmjs.org/@oxc-resolver/binding-android-arm64/-/binding-android-arm64-11.8.2.tgz",
      "integrity": "sha512-y41bxENMjlFuLSLCPWd4A+1PR7T5rU9+e7+4alje3sHgrpRmS3hIU+b1Cvck4qmcUgd0I98NmYxRM65kXGEObQ==",
      "cpu": [
        "arm64"
      ],
      "license": "MIT",
      "optional": true,
      "os": [
        "android"
      ]
    },
    "node_modules/@oxc-resolver/binding-darwin-arm64": {
      "version": "11.8.2",
      "resolved": "https://registry.npmjs.org/@oxc-resolver/binding-darwin-arm64/-/binding-darwin-arm64-11.8.2.tgz",
      "integrity": "sha512-P/Zobk9OwQAblAMeiVyOtuX2LjGN8oq5HonvN3mp9S6Kx1GKxREbf5qW+g24Rvhf5WS7et+EmopUGRHSdAItGQ==",
      "cpu": [
        "arm64"
      ],
      "license": "MIT",
      "optional": true,
      "os": [
        "darwin"
      ]
    },
    "node_modules/@oxc-resolver/binding-darwin-x64": {
      "version": "11.8.2",
      "resolved": "https://registry.npmjs.org/@oxc-resolver/binding-darwin-x64/-/binding-darwin-x64-11.8.2.tgz",
      "integrity": "sha512-EMAQoO9uTiz2H0z71bVzTL77eoBAlN5+KD7HUc9ayYJ5TprU+Oeaml4y4fmsFyspSPN/vGJzEvOWl5GR0adwtw==",
      "cpu": [
        "x64"
      ],
      "license": "MIT",
      "optional": true,
      "os": [
        "darwin"
      ]
    },
    "node_modules/@oxc-resolver/binding-freebsd-x64": {
      "version": "11.8.2",
      "resolved": "https://registry.npmjs.org/@oxc-resolver/binding-freebsd-x64/-/binding-freebsd-x64-11.8.2.tgz",
      "integrity": "sha512-Fzeupf4tH9woMm6O/pirEtuzO5docwTrs747Nxqh33OSkz7GbrevyDpx1Q1pc2l3JA2BlDX4zm18tW5ys65bjA==",
      "cpu": [
        "x64"
      ],
      "license": "MIT",
      "optional": true,
      "os": [
        "freebsd"
      ]
    },
    "node_modules/@oxc-resolver/binding-linux-arm-gnueabihf": {
      "version": "11.8.2",
      "resolved": "https://registry.npmjs.org/@oxc-resolver/binding-linux-arm-gnueabihf/-/binding-linux-arm-gnueabihf-11.8.2.tgz",
      "integrity": "sha512-r9IiPTwc5STC2JahU/rfkbO2BE14MqAVmFbtF7uW7KFaZX/lUnFltkQ5jpwAgKqcef5aIZTJI95qJ03XZw08Rg==",
      "cpu": [
        "arm"
      ],
      "license": "MIT",
      "optional": true,
      "os": [
        "linux"
      ]
    },
    "node_modules/@oxc-resolver/binding-linux-arm-musleabihf": {
      "version": "11.8.2",
      "resolved": "https://registry.npmjs.org/@oxc-resolver/binding-linux-arm-musleabihf/-/binding-linux-arm-musleabihf-11.8.2.tgz",
      "integrity": "sha512-Q5D8FbxOyQYcWn5s9yv+DyFvcMSUXE87hmL9WG6ICdNZiMUA8DmIbzK1xEnOtDjorEFU44bwH3I9SnqL1kyOsg==",
      "cpu": [
        "arm"
      ],
      "license": "MIT",
      "optional": true,
      "os": [
        "linux"
      ]
    },
    "node_modules/@oxc-resolver/binding-linux-arm64-gnu": {
      "version": "11.8.2",
      "resolved": "https://registry.npmjs.org/@oxc-resolver/binding-linux-arm64-gnu/-/binding-linux-arm64-gnu-11.8.2.tgz",
      "integrity": "sha512-8g2Y72gavZ8fesZD22cKo0Z8g8epynwShu7M+wpAoOq432IGUyUxPUKB2/nvyogPToaAlb1OsRiX/za8W4h8Aw==",
      "cpu": [
        "arm64"
      ],
      "license": "MIT",
      "optional": true,
      "os": [
        "linux"
      ]
    },
    "node_modules/@oxc-resolver/binding-linux-arm64-musl": {
      "version": "11.8.2",
      "resolved": "https://registry.npmjs.org/@oxc-resolver/binding-linux-arm64-musl/-/binding-linux-arm64-musl-11.8.2.tgz",
      "integrity": "sha512-N3BPWnIDRmHn/xPDZGKnzFwWxwH1hvs3aVnw4jvMAYarPNDZfbAY+fjHSIwkypV+ozMoJ5lK5PzRO5BOtEx2oQ==",
      "cpu": [
        "arm64"
      ],
      "license": "MIT",
      "optional": true,
      "os": [
        "linux"
      ]
    },
    "node_modules/@oxc-resolver/binding-linux-ppc64-gnu": {
      "version": "11.8.2",
      "resolved": "https://registry.npmjs.org/@oxc-resolver/binding-linux-ppc64-gnu/-/binding-linux-ppc64-gnu-11.8.2.tgz",
      "integrity": "sha512-AXW2AyjENmzNuZD3Z2TO1QWoZzfULWR1otDzw/+MAVMRXBy3W50XxDqNAflRiLB4o0aI0oDTwMfeyuhVv9Ur8Q==",
      "cpu": [
        "ppc64"
      ],
      "license": "MIT",
      "optional": true,
      "os": [
        "linux"
      ]
    },
    "node_modules/@oxc-resolver/binding-linux-riscv64-gnu": {
      "version": "11.8.2",
      "resolved": "https://registry.npmjs.org/@oxc-resolver/binding-linux-riscv64-gnu/-/binding-linux-riscv64-gnu-11.8.2.tgz",
      "integrity": "sha512-oX+qxJdqOfrJUkGWmcNpu7wiFs6E7KH6hqUORkMAgl4yW+LZxPTz5P4DHvTqTFMywbs9hXVu2KQrdD8ROrdhMQ==",
      "cpu": [
        "riscv64"
      ],
      "license": "MIT",
      "optional": true,
      "os": [
        "linux"
      ]
    },
    "node_modules/@oxc-resolver/binding-linux-riscv64-musl": {
      "version": "11.8.2",
      "resolved": "https://registry.npmjs.org/@oxc-resolver/binding-linux-riscv64-musl/-/binding-linux-riscv64-musl-11.8.2.tgz",
      "integrity": "sha512-TG7LpxXjqlpD1aWnAXw6vMgY74KNV92exPixzEj4AKm4LdGsfnSWYTTJcTQ7deFMYxvBGrZ+qEy8DjGx+5w9GQ==",
      "cpu": [
        "riscv64"
      ],
      "license": "MIT",
      "optional": true,
      "os": [
        "linux"
      ]
    },
    "node_modules/@oxc-resolver/binding-linux-s390x-gnu": {
      "version": "11.8.2",
      "resolved": "https://registry.npmjs.org/@oxc-resolver/binding-linux-s390x-gnu/-/binding-linux-s390x-gnu-11.8.2.tgz",
      "integrity": "sha512-1PpXMq0KMD3CQPn3v/UqU4NM2JFjry+mLIH1d3iNVL2vlwRt9lxRfpXTiyiFJrtroUIyeKhw0QbHbF2UfnZVKQ==",
      "cpu": [
        "s390x"
      ],
      "license": "MIT",
      "optional": true,
      "os": [
        "linux"
      ]
    },
    "node_modules/@oxc-resolver/binding-linux-x64-gnu": {
      "version": "11.8.2",
      "resolved": "https://registry.npmjs.org/@oxc-resolver/binding-linux-x64-gnu/-/binding-linux-x64-gnu-11.8.2.tgz",
      "integrity": "sha512-V1iYhEDbjQzj+o7JgTYVllRgNZ56Tjw0rPBWw03KJQ8Nphy00Vf7AySf22vV0K/93V1lPCgOSbI5/iunRnIfAw==",
      "cpu": [
        "x64"
      ],
      "license": "MIT",
      "optional": true,
      "os": [
        "linux"
      ]
    },
    "node_modules/@oxc-resolver/binding-linux-x64-musl": {
      "version": "11.8.2",
      "resolved": "https://registry.npmjs.org/@oxc-resolver/binding-linux-x64-musl/-/binding-linux-x64-musl-11.8.2.tgz",
      "integrity": "sha512-2hYNXEZSUM7qLEk4uuY3GmMqLU+860v+8PzbloVvRRjTWtHsLZyB5w+5p2gel38eaTcSYfZ2zvp3xcSpKDAbaw==",
      "cpu": [
        "x64"
      ],
      "license": "MIT",
      "optional": true,
      "os": [
        "linux"
      ]
    },
    "node_modules/@oxc-resolver/binding-wasm32-wasi": {
      "version": "11.8.2",
      "resolved": "https://registry.npmjs.org/@oxc-resolver/binding-wasm32-wasi/-/binding-wasm32-wasi-11.8.2.tgz",
      "integrity": "sha512-TjFqB+1siSqhd+S64Hf2qbxqWqtFIlld4DDEVotxOjj5//rX/6uwAL1HWnUHSNIni+wpcyQoXPhO3fBgppCvuA==",
      "cpu": [
        "wasm32"
      ],
      "license": "MIT",
      "optional": true,
      "dependencies": {
        "@napi-rs/wasm-runtime": "^1.0.5"
      },
      "engines": {
        "node": ">=14.0.0"
      }
    },
    "node_modules/@oxc-resolver/binding-win32-arm64-msvc": {
      "version": "11.8.2",
      "resolved": "https://registry.npmjs.org/@oxc-resolver/binding-win32-arm64-msvc/-/binding-win32-arm64-msvc-11.8.2.tgz",
      "integrity": "sha512-fs0X6RcAC/khWbXIhPaYQjFHkrFVUtC2IOw1QEx2unRoe6M11tlYbY9NHr3VFBC3nwVpodX+b14A7jGMkAQK8A==",
      "cpu": [
        "arm64"
      ],
      "license": "MIT",
      "optional": true,
      "os": [
        "win32"
      ]
    },
    "node_modules/@oxc-resolver/binding-win32-ia32-msvc": {
      "version": "11.8.2",
      "resolved": "https://registry.npmjs.org/@oxc-resolver/binding-win32-ia32-msvc/-/binding-win32-ia32-msvc-11.8.2.tgz",
      "integrity": "sha512-7oEl1ThswVePprRQFc3tzW9IZgVi5xaus/KP3k56eKi2tYpAM0hBvehD8WBsmpgBEb7pe2pI08h9OZveAddt3Q==",
      "cpu": [
        "ia32"
      ],
      "license": "MIT",
      "optional": true,
      "os": [
        "win32"
      ]
    },
    "node_modules/@oxc-resolver/binding-win32-x64-msvc": {
      "version": "11.8.2",
      "resolved": "https://registry.npmjs.org/@oxc-resolver/binding-win32-x64-msvc/-/binding-win32-x64-msvc-11.8.2.tgz",
      "integrity": "sha512-MngRjE/gpQpg3QcnWRqxX5Nbr/vZJSG7oxhXeHUeOhdFgg+0xCuGpDtwqFmGGVKnd6FQg0gKVo1MqDAERLkEPA==",
      "cpu": [
        "x64"
      ],
      "license": "MIT",
      "optional": true,
      "os": [
        "win32"
      ]
    },
    "node_modules/@swc-node/core": {
      "version": "1.14.1",
      "resolved": "https://registry.npmjs.org/@swc-node/core/-/core-1.14.1.tgz",
      "integrity": "sha512-jrt5GUaZUU6cmMS+WTJEvGvaB6j1YNKPHPzC2PUi2BjaFbtxURHj6641Az6xN7b665hNniAIdvjxWcRml5yCnw==",
      "license": "MIT",
      "engines": {
        "node": ">= 10"
      },
      "funding": {
        "type": "github",
        "url": "https://github.com/sponsors/Brooooooklyn"
      },
      "peerDependencies": {
        "@swc/core": ">= 1.13.3",
        "@swc/types": ">= 0.1"
      }
    },
    "node_modules/@swc-node/register": {
      "version": "1.11.1",
      "resolved": "https://registry.npmjs.org/@swc-node/register/-/register-1.11.1.tgz",
      "integrity": "sha512-VQ0hJ5jX31TVv/fhZx4xJRzd8pwn6VvzYd2tGOHHr2TfXGCBixZoqdPDXTiEoJLCTS2MmvBf6zyQZZ0M8aGQCQ==",
      "license": "MIT",
      "dependencies": {
        "@swc-node/core": "^1.14.1",
        "@swc-node/sourcemap-support": "^0.6.1",
        "colorette": "^2.0.20",
        "debug": "^4.4.1",
        "oxc-resolver": "^11.6.1",
        "pirates": "^4.0.7",
        "tslib": "^2.8.1"
      },
      "funding": {
        "type": "github",
        "url": "https://github.com/sponsors/Brooooooklyn"
      },
      "peerDependencies": {
        "@swc/core": ">= 1.4.13",
        "typescript": ">= 4.3"
      }
    },
    "node_modules/@swc-node/sourcemap-support": {
      "version": "0.6.1",
      "resolved": "https://registry.npmjs.org/@swc-node/sourcemap-support/-/sourcemap-support-0.6.1.tgz",
      "integrity": "sha512-ovltDVH5QpdHXZkW138vG4+dgcNsxfwxHVoV6BtmTbz2KKl1A8ZSlbdtxzzfNjCjbpayda8Us9eMtcHobm38dA==",
      "license": "MIT",
      "dependencies": {
        "source-map-support": "^0.5.21",
        "tslib": "^2.8.1"
      }
    },
    "node_modules/@swc/core": {
      "version": "1.13.5",
      "resolved": "https://registry.npmjs.org/@swc/core/-/core-1.13.5.tgz",
      "integrity": "sha512-WezcBo8a0Dg2rnR82zhwoR6aRNxeTGfK5QCD6TQ+kg3xx/zNT02s/0o+81h/3zhvFSB24NtqEr8FTw88O5W/JQ==",
      "hasInstallScript": true,
      "license": "Apache-2.0",
      "peer": true,
      "dependencies": {
        "@swc/counter": "^0.1.3",
        "@swc/types": "^0.1.24"
      },
      "engines": {
        "node": ">=10"
      },
      "funding": {
        "type": "opencollective",
        "url": "https://opencollective.com/swc"
      },
      "optionalDependencies": {
        "@swc/core-darwin-arm64": "1.13.5",
        "@swc/core-darwin-x64": "1.13.5",
        "@swc/core-linux-arm-gnueabihf": "1.13.5",
        "@swc/core-linux-arm64-gnu": "1.13.5",
        "@swc/core-linux-arm64-musl": "1.13.5",
        "@swc/core-linux-x64-gnu": "1.13.5",
        "@swc/core-linux-x64-musl": "1.13.5",
        "@swc/core-win32-arm64-msvc": "1.13.5",
        "@swc/core-win32-ia32-msvc": "1.13.5",
        "@swc/core-win32-x64-msvc": "1.13.5"
      },
      "peerDependencies": {
        "@swc/helpers": ">=0.5.17"
      },
      "peerDependenciesMeta": {
        "@swc/helpers": {
          "optional": true
        }
      }
    },
    "node_modules/@swc/core-darwin-arm64": {
      "version": "1.13.5",
      "resolved": "https://registry.npmjs.org/@swc/core-darwin-arm64/-/core-darwin-arm64-1.13.5.tgz",
      "integrity": "sha512-lKNv7SujeXvKn16gvQqUQI5DdyY8v7xcoO3k06/FJbHJS90zEwZdQiMNRiqpYw/orU543tPaWgz7cIYWhbopiQ==",
      "cpu": [
        "arm64"
      ],
      "license": "Apache-2.0 AND MIT",
      "optional": true,
      "os": [
        "darwin"
      ],
      "peer": true,
      "engines": {
        "node": ">=10"
      }
    },
    "node_modules/@swc/core-darwin-x64": {
      "version": "1.13.5",
      "resolved": "https://registry.npmjs.org/@swc/core-darwin-x64/-/core-darwin-x64-1.13.5.tgz",
      "integrity": "sha512-ILd38Fg/w23vHb0yVjlWvQBoE37ZJTdlLHa8LRCFDdX4WKfnVBiblsCU9ar4QTMNdeTBEX9iUF4IrbNWhaF1Ng==",
      "cpu": [
        "x64"
      ],
      "license": "Apache-2.0 AND MIT",
      "optional": true,
      "os": [
        "darwin"
      ],
      "peer": true,
      "engines": {
        "node": ">=10"
      }
    },
    "node_modules/@swc/core-linux-arm-gnueabihf": {
      "version": "1.13.5",
      "resolved": "https://registry.npmjs.org/@swc/core-linux-arm-gnueabihf/-/core-linux-arm-gnueabihf-1.13.5.tgz",
      "integrity": "sha512-Q6eS3Pt8GLkXxqz9TAw+AUk9HpVJt8Uzm54MvPsqp2yuGmY0/sNaPPNVqctCX9fu/Nu8eaWUen0si6iEiCsazQ==",
      "cpu": [
        "arm"
      ],
      "license": "Apache-2.0",
      "optional": true,
      "os": [
        "linux"
      ],
      "peer": true,
      "engines": {
        "node": ">=10"
      }
    },
    "node_modules/@swc/core-linux-arm64-gnu": {
      "version": "1.13.5",
      "resolved": "https://registry.npmjs.org/@swc/core-linux-arm64-gnu/-/core-linux-arm64-gnu-1.13.5.tgz",
      "integrity": "sha512-aNDfeN+9af+y+M2MYfxCzCy/VDq7Z5YIbMqRI739o8Ganz6ST+27kjQFd8Y/57JN/hcnUEa9xqdS3XY7WaVtSw==",
      "cpu": [
        "arm64"
      ],
      "license": "Apache-2.0 AND MIT",
      "optional": true,
      "os": [
        "linux"
      ],
      "peer": true,
      "engines": {
        "node": ">=10"
      }
    },
    "node_modules/@swc/core-linux-arm64-musl": {
      "version": "1.13.5",
      "resolved": "https://registry.npmjs.org/@swc/core-linux-arm64-musl/-/core-linux-arm64-musl-1.13.5.tgz",
      "integrity": "sha512-9+ZxFN5GJag4CnYnq6apKTnnezpfJhCumyz0504/JbHLo+Ue+ZtJnf3RhyA9W9TINtLE0bC4hKpWi8ZKoETyOQ==",
      "cpu": [
        "arm64"
      ],
      "license": "Apache-2.0 AND MIT",
      "optional": true,
      "os": [
        "linux"
      ],
      "peer": true,
      "engines": {
        "node": ">=10"
      }
    },
    "node_modules/@swc/core-linux-x64-gnu": {
      "version": "1.13.5",
      "resolved": "https://registry.npmjs.org/@swc/core-linux-x64-gnu/-/core-linux-x64-gnu-1.13.5.tgz",
      "integrity": "sha512-WD530qvHrki8Ywt/PloKUjaRKgstQqNGvmZl54g06kA+hqtSE2FTG9gngXr3UJxYu/cNAjJYiBifm7+w4nbHbA==",
      "cpu": [
        "x64"
      ],
      "license": "Apache-2.0 AND MIT",
      "optional": true,
      "os": [
        "linux"
      ],
      "peer": true,
      "engines": {
        "node": ">=10"
      }
    },
    "node_modules/@swc/core-linux-x64-musl": {
      "version": "1.13.5",
      "resolved": "https://registry.npmjs.org/@swc/core-linux-x64-musl/-/core-linux-x64-musl-1.13.5.tgz",
      "integrity": "sha512-Luj8y4OFYx4DHNQTWjdIuKTq2f5k6uSXICqx+FSabnXptaOBAbJHNbHT/06JZh6NRUouaf0mYXN0mcsqvkhd7Q==",
      "cpu": [
        "x64"
      ],
      "license": "Apache-2.0 AND MIT",
      "optional": true,
      "os": [
        "linux"
      ],
      "peer": true,
      "engines": {
        "node": ">=10"
      }
    },
    "node_modules/@swc/core-win32-arm64-msvc": {
      "version": "1.13.5",
      "resolved": "https://registry.npmjs.org/@swc/core-win32-arm64-msvc/-/core-win32-arm64-msvc-1.13.5.tgz",
      "integrity": "sha512-cZ6UpumhF9SDJvv4DA2fo9WIzlNFuKSkZpZmPG1c+4PFSEMy5DFOjBSllCvnqihCabzXzpn6ykCwBmHpy31vQw==",
      "cpu": [
        "arm64"
      ],
      "license": "Apache-2.0 AND MIT",
      "optional": true,
      "os": [
        "win32"
      ],
      "peer": true,
      "engines": {
        "node": ">=10"
      }
    },
    "node_modules/@swc/core-win32-ia32-msvc": {
      "version": "1.13.5",
      "resolved": "https://registry.npmjs.org/@swc/core-win32-ia32-msvc/-/core-win32-ia32-msvc-1.13.5.tgz",
      "integrity": "sha512-C5Yi/xIikrFUzZcyGj9L3RpKljFvKiDMtyDzPKzlsDrKIw2EYY+bF88gB6oGY5RGmv4DAX8dbnpRAqgFD0FMEw==",
      "cpu": [
        "ia32"
      ],
      "license": "Apache-2.0 AND MIT",
      "optional": true,
      "os": [
        "win32"
      ],
      "peer": true,
      "engines": {
        "node": ">=10"
      }
    },
    "node_modules/@swc/core-win32-x64-msvc": {
      "version": "1.13.5",
      "resolved": "https://registry.npmjs.org/@swc/core-win32-x64-msvc/-/core-win32-x64-msvc-1.13.5.tgz",
      "integrity": "sha512-YrKdMVxbYmlfybCSbRtrilc6UA8GF5aPmGKBdPvjrarvsmf4i7ZHGCEnLtfOMd3Lwbs2WUZq3WdMbozYeLU93Q==",
      "cpu": [
        "x64"
      ],
      "license": "Apache-2.0 AND MIT",
      "optional": true,
      "os": [
        "win32"
      ],
      "peer": true,
      "engines": {
        "node": ">=10"
      }
    },
    "node_modules/@swc/counter": {
      "version": "0.1.3",
      "resolved": "https://registry.npmjs.org/@swc/counter/-/counter-0.1.3.tgz",
      "integrity": "sha512-e2BR4lsJkkRlKZ/qCHPw9ZaSxc0MVUd7gtbtaB7aMvHeJVYe8sOB8DBZkP2DtISHGSku9sCK6T6cnY0CtXrOCQ==",
      "license": "Apache-2.0",
      "peer": true
    },
    "node_modules/@swc/types": {
      "version": "0.1.25",
      "resolved": "https://registry.npmjs.org/@swc/types/-/types-0.1.25.tgz",
      "integrity": "sha512-iAoY/qRhNH8a/hBvm3zKj9qQ4oc2+3w1unPJa2XvTK3XjeLXtzcCingVPw/9e5mn1+0yPqxcBGp9Jf0pkfMb1g==",
      "license": "Apache-2.0",
      "peer": true,
      "dependencies": {
        "@swc/counter": "^0.1.3"
      }
    },
    "node_modules/@tybys/wasm-util": {
      "version": "0.10.1",
      "resolved": "https://registry.npmjs.org/@tybys/wasm-util/-/wasm-util-0.10.1.tgz",
      "integrity": "sha512-9tTaPJLSiejZKx+Bmog4uSubteqTvFrVrURwkmHixBo0G4seD0zUxp98E1DzUBJxLQ3NPwXrGKDiVjwx/DpPsg==",
      "license": "MIT",
      "optional": true,
      "dependencies": {
        "tslib": "^2.4.0"
      }
    },
    "node_modules/@xterm/xterm": {
      "version": "5.5.0",
      "resolved": "https://registry.npmjs.org/@xterm/xterm/-/xterm-5.5.0.tgz",
      "integrity": "sha512-hqJHYaQb5OptNunnyAnkHyM8aCjZ1MEIDTQu1iIbbTD/xops91NB5yq1ZK/dC2JDbVWtF23zUtl9JE2NqwT87A==",
      "license": "MIT"
    },
    "node_modules/buffer-from": {
      "version": "1.1.2",
      "resolved": "https://registry.npmjs.org/buffer-from/-/buffer-from-1.1.2.tgz",
      "integrity": "sha512-E+XQCRwSbaaiChtv6k6Dwgc+bx+Bs6vuKJHHl5kox/BaKbhiXzqQOwK4cO22yElGp2OCmjwVhT3HmxgyPGnJfQ==",
      "license": "MIT"
    },
    "node_modules/colorette": {
      "version": "2.0.20",
      "resolved": "https://registry.npmjs.org/colorette/-/colorette-2.0.20.tgz",
      "integrity": "sha512-IfEDxwoWIjkeXL1eXcDiow4UbKjhLdq6/EuSVR9GMN7KVH3r9gQ83e73hsz1Nd1T3ijd5xv1wcWRYO+D6kCI2w==",
      "license": "MIT"
    },
    "node_modules/debug": {
      "version": "4.4.3",
      "resolved": "https://registry.npmjs.org/debug/-/debug-4.4.3.tgz",
      "integrity": "sha512-RGwwWnwQvkVfavKVt22FGLw+xYSdzARwm0ru6DhTVA3umU5hZc28V3kO4stgYryrTlLpuvgI9GiijltAjNbcqA==",
      "license": "MIT",
      "dependencies": {
        "ms": "^2.1.3"
      },
      "engines": {
        "node": ">=6.0"
      },
      "peerDependenciesMeta": {
        "supports-color": {
          "optional": true
        }
      }
    },
    "node_modules/ms": {
      "version": "2.1.3",
      "resolved": "https://registry.npmjs.org/ms/-/ms-2.1.3.tgz",
      "integrity": "sha512-6FlzubTLZG3J2a/NVCAleEhjzq5oxgHyaCU9yYXvcLsvoVaHJq/s5xXI6/XXP6tz7R9xAOtHnSO/tXtF3WRTlA==",
      "license": "MIT"
    },
    "node_modules/napi-postinstall": {
      "version": "0.3.3",
      "resolved": "https://registry.npmjs.org/napi-postinstall/-/napi-postinstall-0.3.3.tgz",
      "integrity": "sha512-uTp172LLXSxuSYHv/kou+f6KW3SMppU9ivthaVTXian9sOt3XM/zHYHpRZiLgQoxeWfYUnslNWQHF1+G71xcow==",
      "license": "MIT",
      "bin": {
        "napi-postinstall": "lib/cli.js"
      },
      "engines": {
        "node": "^12.20.0 || ^14.18.0 || >=16.0.0"
      },
      "funding": {
        "url": "https://opencollective.com/napi-postinstall"
      }
    },
    "node_modules/oxc-resolver": {
      "version": "11.8.2",
      "resolved": "https://registry.npmjs.org/oxc-resolver/-/oxc-resolver-11.8.2.tgz",
      "integrity": "sha512-SM31gnF1l4T8YA7dkAcBhA+jc336bc8scy0Tetz6ndzGmV6c0R99SRnx6In0V5ffwvn1Isjo9I9EGSLF4xi3TA==",
      "hasInstallScript": true,
      "license": "MIT",
      "dependencies": {
        "napi-postinstall": "^0.3.0"
      },
      "funding": {
        "url": "https://github.com/sponsors/Boshen"
      },
      "optionalDependencies": {
        "@oxc-resolver/binding-android-arm-eabi": "11.8.2",
        "@oxc-resolver/binding-android-arm64": "11.8.2",
        "@oxc-resolver/binding-darwin-arm64": "11.8.2",
        "@oxc-resolver/binding-darwin-x64": "11.8.2",
        "@oxc-resolver/binding-freebsd-x64": "11.8.2",
        "@oxc-resolver/binding-linux-arm-gnueabihf": "11.8.2",
        "@oxc-resolver/binding-linux-arm-musleabihf": "11.8.2",
        "@oxc-resolver/binding-linux-arm64-gnu": "11.8.2",
        "@oxc-resolver/binding-linux-arm64-musl": "11.8.2",
        "@oxc-resolver/binding-linux-ppc64-gnu": "11.8.2",
        "@oxc-resolver/binding-linux-riscv64-gnu": "11.8.2",
        "@oxc-resolver/binding-linux-riscv64-musl": "11.8.2",
        "@oxc-resolver/binding-linux-s390x-gnu": "11.8.2",
        "@oxc-resolver/binding-linux-x64-gnu": "11.8.2",
        "@oxc-resolver/binding-linux-x64-musl": "11.8.2",
        "@oxc-resolver/binding-wasm32-wasi": "11.8.2",
        "@oxc-resolver/binding-win32-arm64-msvc": "11.8.2",
        "@oxc-resolver/binding-win32-ia32-msvc": "11.8.2",
        "@oxc-resolver/binding-win32-x64-msvc": "11.8.2"
      }
    },
    "node_modules/pirates": {
      "version": "4.0.7",
      "resolved": "https://registry.npmjs.org/pirates/-/pirates-4.0.7.tgz",
      "integrity": "sha512-TfySrs/5nm8fQJDcBDuUng3VOUKsd7S+zqvbOTiGXHfxX4wK31ard+hoNuvkicM/2YFzlpDgABOevKSsB4G/FA==",
      "license": "MIT",
      "engines": {
        "node": ">= 6"
      }
    },
    "node_modules/shared-object": {
      "resolved": "node_modules/@oligami/shared-object",
      "link": true
    },
    "node_modules/source-map": {
      "version": "0.6.1",
      "resolved": "https://registry.npmjs.org/source-map/-/source-map-0.6.1.tgz",
      "integrity": "sha512-UjgapumWlbMhkBgzT7Ykc5YXUT46F0iKu8SGXq0bcwP5dz/h0Plj6enJqjz1Zbq2l5WaqYnrVbwWOWMyF3F47g==",
      "license": "BSD-3-Clause",
      "engines": {
        "node": ">=0.10.0"
      }
    },
    "node_modules/source-map-support": {
      "version": "0.5.21",
      "resolved": "https://registry.npmjs.org/source-map-support/-/source-map-support-0.5.21.tgz",
      "integrity": "sha512-uBHU3L3czsIyYXKX88fdrGovxdSCoTGDRZ6SYXtSRxLZUzHg5P/66Ht6uoUlHu9EZod+inXhKo3qQgwXUT/y1w==",
      "license": "MIT",
      "dependencies": {
        "buffer-from": "^1.0.0",
        "source-map": "^0.6.0"
      }
    },
    "node_modules/tslib": {
      "version": "2.8.1",
      "resolved": "https://registry.npmjs.org/tslib/-/tslib-2.8.1.tgz",
      "integrity": "sha512-oJFu94HQb+KVduSUQL7wnpmqnfmLsOA/nAh6b6EH0wCEoK0/mPeXU6c3wKDV83MkOuHPRHtSXKKU99IBazS/2w==",
      "license": "0BSD"
    },
    "node_modules/typescript": {
      "version": "5.9.2",
      "resolved": "https://registry.npmjs.org/typescript/-/typescript-5.9.2.tgz",
      "integrity": "sha512-CWBzXQrc/qOkhidw1OzBTQuYRbfyxDXJMVJ1XNwUHGROVmuaeiEm3OslpZ1RV96d7SKKjZKrSJu3+t/xlw3R9A==",
      "license": "Apache-2.0",
      "peer": true,
      "bin": {
        "tsc": "bin/tsc",
        "tsserver": "bin/tsserver"
      },
      "engines": {
        "node": ">=14.17"
      }
    },
    "node_modules/xterm": {
      "version": "5.3.0",
      "resolved": "https://registry.npmjs.org/xterm/-/xterm-5.3.0.tgz",
      "integrity": "sha512-8QqjlekLUFTrU6x7xck1MsPzPA571K5zNqWm0M0oroYEWVOptZ0+ubQSkQ3uxIEhcIHRujJy6emDWX4A7qyFzg==",
      "deprecated": "This package is now deprecated. Move to @xterm/xterm instead.",
      "license": "MIT",
      "peer": true
    },
    "node_modules/xterm-addon-fit": {
      "version": "0.8.0",
      "resolved": "https://registry.npmjs.org/xterm-addon-fit/-/xterm-addon-fit-0.8.0.tgz",
      "integrity": "sha512-yj3Np7XlvxxhYF/EJ7p3KHaMt6OdwQ+HDu573Vx1lRXsVxOcnVJs51RgjZOouIZOczTsskaS+CpXspK81/DLqw==",
      "deprecated": "This package is now deprecated. Move to @xterm/addon-fit instead.",
      "license": "MIT",
      "peerDependencies": {
        "xterm": "^5.0.0"
      }
    }
  }
}
